
Microsoft Visual Studio Solution File, Format Version 11.00
# Visual Studio 2010
Project("{FAE04EC0-301F-11D3-BF4B-00C04F79EFBC}") = "Dotnet.Samples.JsonNet", "Dotnet.Samples.JsonNet\Dotnet.Samples.JsonNet.csproj", "{D2B04957-FEB1-422E-B721-BEAA7F2097F9}"
EndProject
Global
	GlobalSection(SolutionConfigurationPlatforms) = preSolution
		Debug|Any CPU = Debug|Any CPU
		Release|Any CPU = Release|Any CPU
	EndGlobalSection
	GlobalSection(ProjectConfigurationPlatforms) = postSolution
		{D2B04957-FEB1-422E-B721-BEAA7F2097F9}.Debug|Any CPU.ActiveCfg = Debug|Any CPU
		{D2B04957-FEB1-422E-B721-BEAA7F2097F9}.Debug|Any CPU.Build.0 = Debug|Any CPU
		{D2B04957-FEB1-422E-B721-BEAA7F2097F9}.Release|Any CPU.ActiveCfg = Release|Any CPU
		{D2B04957-FEB1-422E-B721-BEAA7F2097F9}.Release|Any CPU.Build.0 = Release|Any CPU
	EndGlobalSection
	GlobalSection(SolutionProperties) = preSolution
		HideSolutionNode = FALSE
	EndGlobalSection
EndGlobal
